
Microsoft Visual Studio Solution File, Format Version 12.00
Project("{FAE04EC0-301F-11D3-BF4B-00C04F79EFBC}") = "FirewallChecker", "FirewallChecker\FirewallChecker.csproj", "{6BEB4DE0-0E04-4CA0-8DD6-6D0C57A73F88}"
EndProject
Global
	GlobalSection(SolutionConfigurationPlatforms) = preSolution
		Debug|Any CPU = Debug|Any CPU
		Release|Any CPU = Release|Any CPU
	EndGlobalSection
	GlobalSection(ProjectConfigurationPlatforms) = postSolution
		{6BEB4DE0-0E04-4CA0-8DD6-6D0C57A73F88}.Debug|Any CPU.ActiveCfg = Debug|Any CPU
		{6BEB4DE0-0E04-4CA0-8DD6-6D0C57A73F88}.Debug|Any CPU.Build.0 = Debug|Any CPU
		{6BEB4DE0-0E04-4CA0-8DD6-6D0C57A73F88}.Release|Any CPU.ActiveCfg = Release|Any CPU
		{6BEB4DE0-0E04-4CA0-8DD6-6D0C57A73F88}.Release|Any CPU.Build.0 = Release|Any CPU
	EndGlobalSection
EndGlobal
